
Microsoft Visual Studio Solution File, Format Version 12.00
# Visual Studio Version 16
VisualStudioVersion = 16.0.30523.141
MinimumVisualStudioVersion = 10.0.40219.1
Project("{FAE04EC0-301F-11D3-BF4B-00C04F79EFBC}") = "MoreExceptions", "MoreExceptions\MoreExceptions.csproj", "{6058A338-620C-4219-B83A-C15EAF17AF82}"
EndProject
Global
	GlobalSection(SolutionConfigurationPlatforms) = preSolution
		Debug|Any CPU = Debug|Any CPU
		Release|Any CPU = Release|Any CPU
	EndGlobalSection
	GlobalSection(ProjectConfigurationPlatforms) = postSolution
		{6058A338-620C-4219-B83A-C15EAF17AF82}.Debug|Any CPU.ActiveCfg = Debug|Any CPU
		{6058A338-620C-4219-B83A-C15EAF17AF82}.Debug|Any CPU.Build.0 = Debug|Any CPU
		{6058A338-620C-4219-B83A-C15EAF17AF82}.Release|Any CPU.ActiveCfg = Release|Any CPU
		{6058A338-620C-4219-B83A-C15EAF17AF82}.Release|Any CPU.Build.0 = Release|Any CPU
	EndGlobalSection
	GlobalSection(SolutionProperties) = preSolution
		HideSolutionNode = FALSE
	EndGlobalSection
	GlobalSection(ExtensibilityGlobals) = postSolution
		SolutionGuid = {0B334880-3101-4F3F-AFB3-9B33BE7FABA1}
	EndGlobalSection
EndGlobal
