
Microsoft Visual Studio Solution File, Format Version 12.00
# Visual Studio Version 16
VisualStudioVersion = 16.0.30523.141
MinimumVisualStudioVersion = 10.0.40219.1
Project("{FAE04EC0-301F-11D3-BF4B-00C04F79EFBC}") = "FileWriting", "FileWriting\FileWriting.csproj", "{6114ECE5-48D6-4AC7-88D9-4C0FFFC0B2B2}"
EndProject
Global
	GlobalSection(SolutionConfigurationPlatforms) = preSolution
		Debug|Any CPU = Debug|Any CPU
		Release|Any CPU = Release|Any CPU
	EndGlobalSection
	GlobalSection(ProjectConfigurationPlatforms) = postSolution
		{6114ECE5-48D6-4AC7-88D9-4C0FFFC0B2B2}.Debug|Any CPU.ActiveCfg = Debug|Any CPU
		{6114ECE5-48D6-4AC7-88D9-4C0FFFC0B2B2}.Debug|Any CPU.Build.0 = Debug|Any CPU
		{6114ECE5-48D6-4AC7-88D9-4C0FFFC0B2B2}.Release|Any CPU.ActiveCfg = Release|Any CPU
		{6114ECE5-48D6-4AC7-88D9-4C0FFFC0B2B2}.Release|Any CPU.Build.0 = Release|Any CPU
	EndGlobalSection
	GlobalSection(SolutionProperties) = preSolution
		HideSolutionNode = FALSE
	EndGlobalSection
	GlobalSection(ExtensibilityGlobals) = postSolution
		SolutionGuid = {4A3A8353-9B66-41A6-A0EB-8D7D8506392E}
	EndGlobalSection
EndGlobal
